github.com/alecthomas/jsonschema v0.0.0-20190122210438-a6952de1bbe6 h1:xadBCbc8D9mmkaNfCsEBHbIoCjbayJXJNsY1JjPjNio=
github.com/alecthomas/jsonschema v0.0.0-20190122210438-a6952de1bbe6/go.mod h1:qpebaTNSsyUn5rPSJMsfqEtDw71TTggXM6stUDI16HA=
github.com/davecgh/go-spew v1.1.0/go.mod h1:J7Y8YcW2NihsgmVo/mv3lAwl/skON4iLHjSsI+c5H38=
github.com/davecgh/go-spew v1.1.1 h1:vj9j/u1bqnvCEfJOwUhtlOARqs3+rkHYY13jYWTU97c=
github.com/davecgh/go-spew v1.1.1/go.mod h1:J7Y8YcW2NihsgmVo/mv3lAwl/skON4iLHjSsI+c5H38=
github.com/golang/protobuf v1.2.1-0.20181127190454-8d0c54c12466/go.mod h1:Qd/q+1AKNOZr9uGQzbzCmRO6sUih6GTPZv6a1/R87v0=
github.com/golang/protobuf v1.2.1-0.20181205191652-7e65e513332f h1:jEoef3K+ZQwZ7UB1iGu6KhX8hS9cYw1aXR7djS3Vn10=
github.com/golang/protobuf v1.2.1-0.20181205191652-7e65e513332f/go.mod h1:asK8yRb/+zxJTE0SbTESCku/4OjiDfbPwk4rEyIatUA=
github.com/golang/protobuf v1.2.1-0.20190514181236-7800af189d76/go.mod h1:Zfz6qcDoDBESdv6JsKsGpgNHnkvwJAJwcA9eL+mOkgc=
github.com/golang/protobuf v1.2.1-0.20190515194842-7574ba03306e/go.mod h1:GjgUz9uwrRQmdPBBrFqiVbojAmlpy6ryM6DCzC+20rE=
github.com/golang/protobuf v1.2.1-0.20190516201927-a2cd3ac1b343/go.mod h1:PScGDF2x230A126tLt9Ol9RjhXzbiPJrt/CogooD2mE=
github.com/golang/protobuf v1.2.1-0.20190516215712-ae2eaafab405/go.mod h1:UmP8hhPKR5WWIjbT9v0JEVT+U0DBSjbW8KaZVeyFfRE=
github.com/golang/protobuf v1.2.1-0.20190523175523-a1331f0b4ab4/go.mod h1:G+fNMoyvKWZDB7PCDHF+dXbH9OeE3+JoozCd9V7i66U=
github.com/golang/protobuf v1.2.1-0.20190605195750-76c9e09470ba/go.mod h1:S1YIJXvYHGRCG2UmZsOcElkAYfvZLg2sDRr9+Xu8JXU=
github.com/golang/protobuf v1.2.1-0.20190617175902-f94016f5239f/go.mod h1:G+HpKX7pYZAVkElkAWZkr08MToW6pTp/vs+E9osFfbg=
github.com/golang/protobuf v1.2.1-0.20190620192300-1ee46dfd80dd h1:L1x/aDMeYxfjCU4baQkloBot8RGm5NEHP1wfoINRd+g=
github.com/golang/protobuf v1.2.1-0.20190620192300-1ee46dfd80dd/go.mod h1:+CMAsi9jpYf/wAltLUKlg++CWXqxCJyD8iLDbQONsJs=
github.com/golang/protobuf v1.3.1 h1:YF8+flBXS5eO826T4nzqPrxfhQThhXl0YzfuUPu4SBg=
github.com/golang/protobuf/v2 v2.0.0-20181127193627-d7e97bc71bcb/go.mod h1:MgUD+N3FwzDmj2CdMsT5ap7K7jx+c9cQDQ7fVhmH+Xw=
github.com/golang/protobuf/v2 v2.0.0-20190221223758-71c6603a26f9 h1:pZnSxzbJHl9K9Cr/+ZeG00dTfcZzuJJnS6S7xL7/mGU=
github.com/golang/protobuf/v2 v2.0.0-20190221223758-71c6603a26f9/go.mod h1:sjQt90Yu/7/I4QgfZq+CzFOly7327WbVZ1EDQjIlnMI=
github.com/google/go-cmp v0.2.1-0.20181101181452-745b8ec83783 h1:wVZ6laEGf86tNDTpR5mxFyFIclJJiXCxuJhcQKnsOHk=
github.com/google/go-cmp v0.2.1-0.20181101181452-745b8ec83783/go.mod h1:oXzfMopK8JAjlY9xF4vHSVASa0yLyX7SntLO5aqRK0M=
github.com/google/go-cmp v0.3.0 h1:crn/baboCvb5fXaQ0IJ1SGTsTVrWpDsCWC8EGETZijY=
github.com/google/go-cmp v0.3.0/go.mod h1:8QqcDgzrUqlUb/G2PQTWiueGozuR1884gddMywk6iLU=
github.com/pkg/errors v0.8.1 h1:iURUrRGxPUNPdy5/HRSm+Yj6okJ6UtLINN0Q9M4+h3I=
github.com/pkg/errors v0.8.1/go.mod h1:bwawxfHBFNV+L2hUp1rHADufV3IMtnDRdf1r5NINEl0=
github.com/pmezard/go-difflib v1.0.0 h1:4DBwDE0NGyQoBHbLQYPwSUPoCMWR5BEzIk/f1lZbAQM=
github.com/pmezard/go-difflib v1.0.0/go.mod h1:iKH77koFhYxTK1pcRnkKkqfTogsbg7gZNVY4sRDYZ/4=
github.com/stretchr/objx v0.1.0/go.mod h1:HFkY916IF+rwdDfMAkV7OtwuqBVzrE8GR6GFx+wExME=
github.com/stretchr/testify v1.3.0 h1:TivCn/peBQ7UY8ooIcPgZFpTNSz0Q2U6UrFlUfqbe0Q=
github.com/stretchr/testify v1.3.0/go.mod h1:M5WIy9Dh21IEIfnGCwXGc5bZfKNJtfHm1UVUgZn+9EI=
github.com/xeipuuv/gojsonpointer v0.0.0-20180127040702-4e3ac2762d5f h1:J9EGpcZtP0E/raorCMxlFGSTBrsSlaDGf3jU/qvAE2c=
github.com/xeipuuv/gojsonpointer v0.0.0-20180127040702-4e3ac2762d5f/go.mod h1:N2zxlSyiKSe5eX1tZViRH5QA0qijqEDrYZiPEAiq3wU=
github.com/xeipuuv/gojsonreference v0.0.0-20180127040603-bd5ef7bd5415 h1:EzJWgHovont7NscjpAxXsDA8S8BMYve8Y5+7cuRE7R0=
github.com/xeipuuv/gojsonreference v0.0.0-20180127040603-bd5ef7bd5415/go.mod h1:GwrjFmJcFw6At/Gs6z4yjiIwzuJ1/+UwLxMQDVQXShQ=
github.com/xeipuuv/gojsonschema v1.1.0 h1:ngVtJC9TY/lg0AA/1k48FYhBrhRoFlEmWzsehpNAaZg=
github.com/xeipuuv/gojsonschema v1.1.0/go.mod h1:5yf86TLmAcydyeJq5YvxkGPE2fm/u4myDekKRoLuqhs=
github.com/xeipuuv/gojsonschema v1.2.0 h1:LhYJRs+L4fBtjZUfuSZIKGeVu0QRy8e5Xi7D17UxZ74=
github.com/xeipuuv/gojsonschema v1.2.0/go.mod h1:anYRn/JVcOK2ZgGU+IjEV4nwlhoK5sQluxsYJ78Id3Y=
go.uber.org/atomic v1.3.2 h1:2Oa65PReHzfn29GpvgsYwloV9AVFHPDk8tYxt2c2tr4=
go.uber.org/atomic v1.3.2/go.mod h1:gD2HeocX3+yG+ygLZcrzQJaqmWj9AIm7n08wl/qW/PE=
go.uber.org/multierr v1.1.0 h1:HoEmRHQPVSqub6w2z2d2EOVs2fjyFRGyofhKuyDq0QI=
go.uber.org/multierr v1.1.0/go.mod h1:wR5kodmAFQ0UK8QlbwjlSNy0Z68gJhDJUG5sjR94q/0=
go.uber.org/zap v1.9.1 h1:XCJQEf3W6eZaVwhRBof6ImoYGJSITeKWsyeh3HFu/5o=
go.uber.org/zap v1.9.1/go.mod h1:vwi/ZaCAaUcBkycHslxD9B2zi4UTXhF60s6SWpuDF0Q=
golang.org/x/net v0.0.0-20180906233101-161cd47e91fd/go.mod h1:mL1N/T3taQHkDXs73rZJwtUhF3w3ftmwwsq0BUmARs4=
golang.org/x/net v0.0.0-20180926154720-4dfa2610cdf3/go.mod h1:mL1N/T3taQHkDXs73rZJwtUhF3w3ftmwwsq0BUmARs4=
golang.org/x/sync v0.0.0-20180314180146-1d60e4601c6f/go.mod h1:RxMgew5VJxzue5/jJTE5uejpjVlOe/izrB70Jof72aM=
golang.org/x/tools v0.0.0-20180904205237-0aa4b8830f48/go.mod h1:n7NCudcB/nEzxVGmLbDWY5pfWTLqBcC2KZ6jyYvM4mQ=
golang.org/x/tools v0.0.0-20180928181343-b3c0be4c978b/go.mod h1:n7NCudcB/nEzxVGmLbDWY5pfWTLqBcC2KZ6jyYvM4mQ=
google.golang.org/genproto v0.0.0-20180831171423-11092d34479b/go.mod h1:JiN7NxoALGmiZfu7CAH4rXhgtRTLTxftemlI0sWmxmc=
google.golang.org/protobuf v0.0.0-20190514172829-e89e6244e0e8/go.mod h1:791zQGC15vDqjpmPRn1uGPu5oHy/Jzw/Q1n5JsgIIcY=
google.golang.org/protobuf v0.0.0-20190514231807-cdb777356907/go.mod h1:HeRLsKXv4+wE27dOIGwnqcOgq6a1O/GJ7mGhiEPnBrU=
google.golang.org/protobuf v0.0.0-20190516201745-40b83d67fc75/go.mod h1:jf+u8AHuKtkib+0J4/bQXPNzCmT3V9a02hVzYKtatuw=
google.golang.org/protobuf v0.0.0-20190516215540-a95b29fbf623/go.mod h1:cWWmz5lsCWIcqGLROrKq5Lu231IJw2PzqOZ8cgspbfY=
google.golang.org/protobuf v0.0.0-20190522194032-21ade498bd69/go.mod h1:cJytyYi/6qdwy/+gD49hmgHcwD7zhWxE/1KPEslaZ3M=
google.golang.org/protobuf v0.0.0-20190605195314-89d49632e5cf/go.mod h1:Btug4TBaP5wNYcb2zGKDTS7WMcaPPLuqEAKfEAZWYbo=
google.golang.org/protobuf v0.0.0-20190617175724-bd7b7a9e0c26/go.mod h1:+FOB8T5/Yw4ywwdyeun9/KlDeuwFYBkNQ+kVuwj9C94=
google.golang.org/protobuf v0.0.0-20190620020611-d888139e7b59/go.mod h1:of3pt14Y+dOxz2tBOHXEoapPpKFC15/0zWhPAddkfsU=
google.golang.org/protobuf v0.0.0-20190703204651-15076350e84f h1:W8JnaNRETg5yNWwMUbaHBGLCL6uolkhuYukXe+wvwrE=
google.golang.org/protobuf v0.0.0-20190703204651-15076350e84f/go.mod h1:yGm7aNHn9Bp1NIvj6+CVUkcJshu+Usshfd3A+YxEuI8=
